// !$*UTF8*$!
{
	archiveVersion = 1;
	classes = {
	};
	objectVersion = 51;
	objects = {

/* Begin PBXBuildFile section */
		23F1A4F034B55F6519BABA38 /* Pods_SwiftSkillUpAPI.framework in Frameworks */ = {isa = PBXBuildFile; fileRef = 2AEF899717E43D1CADFD7402 /* Pods_SwiftSkillUpAPI.framework */; };
		250903342398B4F600F35AE4 /* SoundPlayer.storyboard in Resources */ = {isa = PBXBuildFile; fileRef = 250903332398B4F600F35AE4 /* SoundPlayer.storyboard */; };
		2527383C2398B836008F6471 /* MediaPlayer.framework in Frameworks */ = {isa = PBXBuildFile; fileRef = 2527383A2398B811008F6471 /* MediaPlayer.framework */; };
		252738412398B8C5008F6471 /* AVFoundation.framework in Frameworks */ = {isa = PBXBuildFile; fileRef = 2527383F2398B8A0008F6471 /* AVFoundation.framework */; };
		252738452398BA3E008F6471 /* SoundPlayerViewController.swift in Sources */ = {isa = PBXBuildFile; fileRef = 252738442398BA3E008F6471 /* SoundPlayerViewController.swift */; };
		2574AD96236C401C000FE4D6 /* AppDelegate.swift in Sources */ = {isa = PBXBuildFile; fileRef = 2574AD95236C401C000FE4D6 /* AppDelegate.swift */; };
		2574AD98236C401C000FE4D6 /* SceneDelegate.swift in Sources */ = {isa = PBXBuildFile; fileRef = 2574AD97236C401C000FE4D6 /* SceneDelegate.swift */; };
		2574AD9D236C401C000FE4D6 /* Main.storyboard in Resources */ = {isa = PBXBuildFile; fileRef = 2574AD9B236C401C000FE4D6 /* Main.storyboard */; };
		2574AD9F236C401C000FE4D6 /* Assets.xcassets in Resources */ = {isa = PBXBuildFile; fileRef = 2574AD9E236C401C000FE4D6 /* Assets.xcassets */; };
		2574ADAA236C44E5000FE4D6 /* API.swift in Sources */ = {isa = PBXBuildFile; fileRef = 2574ADA9236C44E5000FE4D6 /* API.swift */; };
		2574ADAC23700BCB000FE4D6 /* ListTableViewController.swift in Sources */ = {isa = PBXBuildFile; fileRef = 2574ADAB23700BCB000FE4D6 /* ListTableViewController.swift */; };
		2574ADAF23700CD3000FE4D6 /* SongTableViewCell.swift in Sources */ = {isa = PBXBuildFile; fileRef = 2574ADAD23700CD3000FE4D6 /* SongTableViewCell.swift */; };
		2574ADB023700CD3000FE4D6 /* SongTableViewCell.xib in Resources */ = {isa = PBXBuildFile; fileRef = 2574ADAE23700CD3000FE4D6 /* SongTableViewCell.xib */; };
/* End PBXBuildFile section */

/* Begin PBXFileReference section */
		250903332398B4F600F35AE4 /* SoundPlayer.storyboard */ = {isa = PBXFileReference; lastKnownFileType = file.storyboard; path = SoundPlayer.storyboard; sourceTree = "<group>"; };
		2527383A2398B811008F6471 /* MediaPlayer.framework */ = {isa = PBXFileReference; lastKnownFileType = wrapper.framework; name = MediaPlayer.framework; path = System/Library/Frameworks/MediaPlayer.framework; sourceTree = SDKROOT; };
		2527383F2398B8A0008F6471 /* AVFoundation.framework */ = {isa = PBXFileReference; lastKnownFileType = wrapper.framework; name = AVFoundation.framework; path = System/Library/Frameworks/AVFoundation.framework; sourceTree = SDKROOT; };
		252738442398BA3E008F6471 /* SoundPlayerViewController.swift */ = {isa = PBXFileReference; lastKnownFileType = sourcecode.swift; path = SoundPlayerViewController.swift; sourceTree = "<group>"; };
		2574AD92236C401C000FE4D6 /* SwiftSkillUpAPI.app */ = {isa = PBXFileReference; explicitFileType = wrapper.application; includeInIndex = 0; path = SwiftSkillUpAPI.app; sourceTree = BUILT_PRODUCTS_DIR; };
		2574AD95236C401C000FE4D6 /* AppDelegate.swift */ = {isa = PBXFileReference; lastKnownFileType = sourcecode.swift; path = AppDelegate.swift; sourceTree = "<group>"; };
		2574AD97236C401C000FE4D6 /* SceneDelegate.swift */ = {isa = PBXFileReference; lastKnownFileType = sourcecode.swift; path = SceneDelegate.swift; sourceTree = "<group>"; };
		2574AD9C236C401C000FE4D6 /* Base */ = {isa = PBXFileReference; lastKnownFileType = file.storyboard; name = Base; path = Base.lproj/Main.storyboard; sourceTree = "<group>"; };
		2574AD9E236C401C000FE4D6 /* Assets.xcassets */ = {isa = PBXFileReference; lastKnownFileType = folder.assetcatalog; path = Assets.xcassets; sourceTree = "<group>"; };
		2574ADA3236C401C000FE4D6 /* Info.plist */ = {isa = PBXFileReference; lastKnownFileType = text.plist.xml; path = Info.plist; sourceTree = "<group>"; };
		2574ADA9236C44E5000FE4D6 /* API.swift */ = {isa = PBXFileReference; lastKnownFileType = sourcecode.swift; path = API.swift; sourceTree = "<group>"; };
		2574ADAB23700BCB000FE4D6 /* ListTableViewController.swift */ = {isa = PBXFileReference; lastKnownFileType = sourcecode.swift; path = ListTableViewController.swift; sourceTree = "<group>"; };
		2574ADAD23700CD3000FE4D6 /* SongTableViewCell.swift */ = {isa = PBXFileReference; lastKnownFileType = sourcecode.swift; path = SongTableViewCell.swift; sourceTree = "<group>"; };
		2574ADAE23700CD3000FE4D6 /* SongTableViewCell.xib */ = {isa = PBXFileReference; lastKnownFileType = file.xib; path = SongTableViewCell.xib; sourceTree = "<group>"; };
		2AEF899717E43D1CADFD7402 /* Pods_SwiftSkillUpAPI.framework */ = {isa = PBXFileReference; explicitFileType = wrapper.framework; includeInIndex = 0; path = Pods_SwiftSkillUpAPI.framework; sourceTree = BUILT_PRODUCTS_DIR; };
		D731BE69CA557B8D7D4000DA /* Pods-SwiftSkillUpAPI.release.xcconfig */ = {isa = PBXFileReference; includeInIndex = 1; lastKnownFileType = text.xcconfig; name = "Pods-SwiftSkillUpAPI.release.xcconfig"; path = "Target Support Files/Pods-SwiftSkillUpAPI/Pods-SwiftSkillUpAPI.release.xcconfig"; sourceTree = "<group>"; };
		EA2994F6BAD71905C982A300 /* Pods-SwiftSkillUpAPI.debug.xcconfig */ = {isa = PBXFileReference; includeInIndex = 1; lastKnownFileType = text.xcconfig; name = "Pods-SwiftSkillUpAPI.debug.xcconfig"; path = "Target Support Files/Pods-SwiftSkillUpAPI/Pods-SwiftSkillUpAPI.debug.xcconfig"; sourceTree = "<group>"; };
/* End PBXFileReference section */

/* Begin PBXFrameworksBuildPhase section */
		2574AD8F236C401B000FE4D6 /* Frameworks */ = {
			isa = PBXFrameworksBuildPhase;
			buildActionMask = 2147483647;
			files = (
				2527383C2398B836008F6471 /* MediaPlayer.framework in Frameworks */,
				23F1A4F034B55F6519BABA38 /* Pods_SwiftSkillUpAPI.framework in Frameworks */,
				252738412398B8C5008F6471 /* AVFoundation.framework in Frameworks */,
			);
			runOnlyForDeploymentPostprocessing = 0;
		};
/* End PBXFrameworksBuildPhase section */

/* Begin PBXGroup section */
		252738462398EBA3008F6471 /* Sundplay */ = {
			isa = PBXGroup;
			children = (
				250903332398B4F600F35AE4 /* SoundPlayer.storyboard */,
				252738442398BA3E008F6471 /* SoundPlayerViewController.swift */,
			);
			path = Sundplay;
			sourceTree = "<group>";
		};
		252738472398EBC8008F6471 /* Main */ = {
			isa = PBXGroup;
			children = (
				2574AD9B236C401C000FE4D6 /* Main.storyboard */,
				2574ADA9236C44E5000FE4D6 /* API.swift */,
				2574ADAB23700BCB000FE4D6 /* ListTableViewController.swift */,
			);
			path = Main;
			sourceTree = "<group>";
		};
		2574AD89236C401B000FE4D6 = {
			isa = PBXGroup;
			children = (
				2574AD94236C401C000FE4D6 /* SwiftSkillUpAPI */,
				2574AD93236C401C000FE4D6 /* Products */,
				CB60E648492AA8086FFE0926 /* Pods */,
				B126BCE488BE7229D6236BAE /* Frameworks */,
			);
			sourceTree = "<group>";
		};
		2574AD93236C401C000FE4D6 /* Products */ = {
			isa = PBXGroup;
			children = (
				2574AD92236C401C000FE4D6 /* SwiftSkillUpAPI.app */,
			);
			name = Products;
			sourceTree = "<group>";
		};
		2574AD94236C401C000FE4D6 /* SwiftSkillUpAPI */ = {
			isa = PBXGroup;
			children = (
				252738472398EBC8008F6471 /* Main */,
				252738462398EBA3008F6471 /* Sundplay */,
				2574ADB123700CDB000FE4D6 /* ceellGrop */,
				2574AD95236C401C000FE4D6 /* AppDelegate.swift */,
				2574AD97236C401C000FE4D6 /* SceneDelegate.swift */,
				2574AD9E236C401C000FE4D6 /* Assets.xcassets */,
				2574ADA3236C401C000FE4D6 /* Info.plist */,
			);
			path = SwiftSkillUpAPI;
			sourceTree = "<group>";
		};
		2574ADB123700CDB000FE4D6 /* ceellGrop */ = {
			isa = PBXGroup;
			children = (
				2574ADAD23700CD3000FE4D6 /* SongTableViewCell.swift */,
				2574ADAE23700CD3000FE4D6 /* SongTableViewCell.xib */,
			);
			path = ceellGrop;
			sourceTree = "<group>";
		};
		B126BCE488BE7229D6236BAE /* Frameworks */ = {
			isa = PBXGroup;
			children = (
				2527383F2398B8A0008F6471 /* AVFoundation.framework */,
				2527383A2398B811008F6471 /* MediaPlayer.framework */,
				2AEF899717E43D1CADFD7402 /* Pods_SwiftSkillUpAPI.framework */,
			);
			name = Frameworks;
			sourceTree = "<group>";
		};
		CB60E648492AA8086FFE0926 /* Pods */ = {
			isa = PBXGroup;
			children = (
				EA2994F6BAD71905C982A300 /* Pods-SwiftSkillUpAPI.debug.xcconfig */,
				D731BE69CA557B8D7D4000DA /* Pods-SwiftSkillUpAPI.release.xcconfig */,
			);
			path = Pods;
			sourceTree = "<group>";
		};
/* End PBXGroup section */

/* Begin PBXNativeTarget section */
		2574AD91236C401B000FE4D6 /* SwiftSkillUpAPI */ = {
			isa = PBXNativeTarget;
			buildConfigurationList = 2574ADA6236C401C000FE4D6 /* Build configuration list for PBXNativeTarget "SwiftSkillUpAPI" */;
			buildPhases = (
				25CF7D8B6A8DD971F9BBBE7D /* [CP] Check Pods Manifest.lock */,
				2574AD8E236C401B000FE4D6 /* Sources */,
				2574AD8F236C401B000FE4D6 /* Frameworks */,
				2574AD90236C401B000FE4D6 /* Resources */,
				45DB5386EBD4C15DAADED835 /* [CP] Embed Pods Frameworks */,
			);
			buildRules = (
			);
			dependencies = (
			);
			name = SwiftSkillUpAPI;
			productName = SwiftSkillUpAPI;
			productReference = 2574AD92236C401C000FE4D6 /* SwiftSkillUpAPI.app */;
			productType = "com.apple.product-type.application";
		};
/* End PBXNativeTarget section */

/* Begin PBXProject section */
		2574AD8A236C401B000FE4D6 /* Project object */ = {
			isa = PBXProject;
			attributes = {
				LastSwiftUpdateCheck = 1110;
				LastUpgradeCheck = 1110;
				ORGANIZATIONNAME = "Eitaro Kurokawa";
				TargetAttributes = {
					2574AD91236C401B000FE4D6 = {
						CreatedOnToolsVersion = 11.1;
					};
				};
			};
			buildConfigurationList = 2574AD8D236C401B000FE4D6 /* Build configuration list for PBXProject "SwiftSkillUpAPI" */;
			compatibilityVersion = "Xcode 9.3";
			developmentRegion = en;
			hasScannedForEncodings = 0;
			knownRegions = (
				en,
				Base,
			);
			mainGroup = 2574AD89236C401B000FE4D6;
			productRefGroup = 2574AD93236C401C000FE4D6 /* Products */;
			projectDirPath = "";
			projectRoot = "";
			targets = (
				2574AD91236C401B000FE4D6 /* SwiftSkillUpAPI */,
			);
		};
/* End PBXProject section */

/* Begin PBXResourcesBuildPhase section */
		2574AD90236C401B000FE4D6 /* Resources */ = {
			isa = PBXResourcesBuildPhase;
			buildActionMask = 2147483647;
			files = (
				2574ADB023700CD3000FE4D6 /* SongTableViewCell.xib in Resources */,
				250903342398B4F600F35AE4 /* SoundPlayer.storyboard in Resources */,
				2574AD9F236C401C000FE4D6 /* Assets.xcassets in Resources */,
				2574AD9D236C401C000FE4D6 /* Main.storyboard in Resources */,
			);
			runOnlyForDeploymentPostprocessing = 0;
		};
/* End PBXResourcesBuildPhase section */

/* Begin PBXShellScriptBuildPhase section */
		25CF7D8B6A8DD971F9BBBE7D /* [CP] Check Pods Manifest.lock */ = {
			isa = PBXShellScriptBuildPhase;
			buildActionMask = 2147483647;
			files = (
			);
			inputFileListPaths = (
			);
			inputPaths = (
				"${PODS_PODFILE_DIR_PATH}/Podfile.lock",
				"${PODS_ROOT}/Manifest.lock",
			);
			name = "[CP] Check Pods Manifest.lock";
			outputFileListPaths = (
			);
			outputPaths = (
				"$(DERIVED_FILE_DIR)/Pods-SwiftSkillUpAPI-checkManifestLockResult.txt",
			);
			runOnlyForDeploymentPostprocessing = 0;
			shellPath = /bin/sh;
			shellScript = "diff \"${PODS_PODFILE_DIR_PATH}/Podfile.lock\" \"${PODS_ROOT}/Manifest.lock\" > /dev/null\nif [ $? != 0 ] ; then\n    # print error to STDERR\n    echo \"error: The sandbox is not in sync with the Podfile.lock. Run 'pod install' or update your CocoaPods installation.\" >&2\n    exit 1\nfi\n# This output is used by Xcode 'outputs' to avoid re-running this script phase.\necho \"SUCCESS\" > \"${SCRIPT_OUTPUT_FILE_0}\"\n";
			showEnvVarsInLog = 0;
		};
		45DB5386EBD4C15DAADED835 /* [CP] Embed Pods Frameworks */ = {
			isa = PBXShellScriptBuildPhase;
			buildActionMask = 2147483647;
			files = (
			);
			inputFileListPaths = (
				"${PODS_ROOT}/Target Support Files/Pods-SwiftSkillUpAPI/Pods-SwiftSkillUpAPI-frameworks-${CONFIGURATION}-input-files.xcfilelist",
			);
			name = "[CP] Embed Pods Frameworks";
			outputFileListPaths = (
				"${PODS_ROOT}/Target Support Files/Pods-SwiftSkillUpAPI/Pods-SwiftSkillUpAPI-frameworks-${CONFIGURATION}-output-files.xcfilelist",
			);
			runOnlyForDeploymentPostprocessing = 0;
			shellPath = /bin/sh;
			shellScript = "\"${PODS_ROOT}/Target Support Files/Pods-SwiftSkillUpAPI/Pods-SwiftSkillUpAPI-frameworks.sh\"\n";
			showEnvVarsInLog = 0;
		};
/* End PBXShellScriptBuildPhase section */

/* Begin PBXSourcesBuildPhase section */
		2574AD8E236C401B000FE4D6 /* Sources */ = {
			isa = PBXSourcesBuildPhase;
			buildActionMask = 2147483647;
			files = (
				2574ADAF23700CD3000FE4D6 /* SongTableViewCell.swift in Sources */,
				2574AD96236C401C000FE4D6 /* AppDelegate.swift in Sources */,
				2574ADAA236C44E5000FE4D6 /* API.swift in Sources */,
				2574ADAC23700BCB000FE4D6 /* ListTableViewController.swift in Sources */,
				252738452398BA3E008F6471 /* SoundPlayerViewController.swift in Sources */,
				2574AD98236C401C000FE4D6 /* SceneDelegate.swift in Sources */,
			);
			runOnlyForDeploymentPostprocessing = 0;
		};
/* End PBXSourcesBuildPhase section */

/* Begin PBXVariantGroup section */
		2574AD9B236C401C000FE4D6 /* Main.storyboard */ = {
			isa = PBXVariantGroup;
			children = (
				2574AD9C236C401C000FE4D6 /* Base */,
			);
			name = Main.storyboard;
			sourceTree = "<group>";
		};
/* End PBXVariantGroup section */

/* Begin XCBuildConfiguration section */
		2574ADA4236C401C000FE4D6 /* Debug */ = {
			isa = XCBuildConfiguration;
			buildSettings = {
				ALWAYS_SEARCH_USER_PATHS = NO;
				CLANG_ANALYZER_NONNULL = YES;
				CLANG_ANALYZER_NUMBER_OBJECT_CONVERSION = YES_AGGRESSIVE;
				CLANG_CXX_LANGUAGE_STANDARD = "gnu++14";
				CLANG_CXX_LIBRARY = "libc++";
				CLANG_ENABLE_MODULES = YES;
				CLANG_ENABLE_OBJC_ARC = YES;
				CLANG_ENABLE_OBJC_WEAK = YES;
				CLANG_WARN_BLOCK_CAPTURE_AUTORELEASING = YES;
				CLANG_WARN_BOOL_CONVERSION = YES;
				CLANG_WARN_COMMA = YES;
				CLANG_WARN_CONSTANT_CONVERSION = YES;
				CLANG_WARN_DEPRECATED_OBJC_IMPLEMENTATIONS = YES;
				CLANG_WARN_DIRECT_OBJC_ISA_USAGE = YES_ERROR;
				CLANG_WARN_DOCUMENTATION_COMMENTS = YES;
				CLANG_WARN_EMPTY_BODY = YES;
				CLANG_WARN_ENUM_CONVERSION = YES;
				CLANG_WARN_INFINITE_RECURSION = YES;
				CLANG_WARN_INT_CONVERSION = YES;
				CLANG_WARN_NON_LITERAL_NULL_CONVERSION = YES;
				CLANG_WARN_OBJC_IMPLICIT_RETAIN_SELF = YES;
				CLANG_WARN_OBJC_LITERAL_CONVERSION = YES;
				CLANG_WARN_OBJC_ROOT_CLASS = YES_ERROR;
				CLANG_WARN_RANGE_LOOP_ANALYSIS = YES;
				CLANG_WARN_STRICT_PROTOTYPES = YES;
				CLANG_WARN_SUSPICIOUS_MOVE = YES;
				CLANG_WARN_UNGUARDED_AVAILABILITY = YES_AGGRESSIVE;
				CLANG_WARN_UNREACHABLE_CODE = YES;
				CLANG_WARN__DUPLICATE_METHOD_MATCH = YES;
				COPY_PHASE_STRIP = NO;
				DEBUG_INFORMATION_FORMAT = dwarf;
				ENABLE_STRICT_OBJC_MSGSEND = YES;
				ENABLE_TESTABILITY = YES;
				GCC_C_LANGUAGE_STANDARD = gnu11;
				GCC_DYNAMIC_NO_PIC = NO;
				GCC_NO_COMMON_BLOCKS = YES;
				GCC_OPTIMIZATION_LEVEL = 0;
				GCC_PREPROCESSOR_DEFINITIONS = (
					"DEBUG=1",
					"$(inherited)",
				);
				GCC_WARN_64_TO_32_BIT_CONVERSION = YES;
				GCC_WARN_ABOUT_RETURN_TYPE = YES_ERROR;
				GCC_WARN_UNDECLARED_SELECTOR = YES;
				GCC_WARN_UNINITIALIZED_AUTOS = YES_AGGRESSIVE;
				GCC_WARN_UNUSED_FUNCTION = YES;
				GCC_WARN_UNUSED_VARIABLE = YES;
				IPHONEOS_DEPLOYMENT_TARGET = 13.1;
				MTL_ENABLE_DEBUG_INFO = INCLUDE_SOURCE;
				MTL_FAST_MATH = YES;
				ONLY_ACTIVE_ARCH = YES;
				SDKROOT = iphoneos;
				SWIFT_ACTIVE_COMPILATION_CONDITIONS = DEBUG;
				SWIFT_OPTIMIZATION_LEVEL = "-Onone";
			};
			name = Debug;
		};
		2574ADA5236C401C000FE4D6 /* Release */ = {
			isa = XCBuildConfiguration;
			buildSettings = {
				ALWAYS_SEARCH_USER_PATHS = NO;
				CLANG_ANALYZER_NONNULL = YES;
				CLANG_ANALYZER_NUMBER_OBJECT_CONVERSION = YES_AGGRESSIVE;
				CLANG_CXX_LANGUAGE_STANDARD = "gnu++14";
				CLANG_CXX_LIBRARY = "libc++";
				CLANG_ENABLE_MODULES = YES;
				CLANG_ENABLE_OBJC_ARC = YES;
				CLANG_ENABLE_OBJC_WEAK = YES;
				CLANG_WARN_BLOCK_CAPTURE_AUTORELEASING = YES;
				CLANG_WARN_BOOL_CONVERSION = YES;
				CLANG_WARN_COMMA = YES;
				CLANG_WARN_CONSTANT_CONVERSION = YES;
				CLANG_WARN_DEPRECATED_OBJC_IMPLEMENTATIONS = YES;
				CLANG_WARN_DIRECT_OBJC_ISA_USAGE = YES_ERROR;
				CLANG_WARN_DOCUMENTATION_COMMENTS = YES;
				CLANG_WARN_EMPTY_BODY = YES;
				CLANG_WARN_ENUM_CONVERSION = YES;
				CLANG_WARN_INFINITE_RECURSION = YES;
				CLANG_WARN_INT_CONVERSION = YES;
				CLANG_WARN_NON_LITERAL_NULL_CONVERSION = YES;
				CLANG_WARN_OBJC_IMPLICIT_RETAIN_SELF = YES;
				CLANG_WARN_OBJC_LITERAL_CONVERSION = YES;
				CLANG_WARN_OBJC_ROOT_CLASS = YES_ERROR;
				CLANG_WARN_RANGE_LOOP_ANALYSIS = YES;
				CLANG_WARN_STRICT_PROTOTYPES = YES;
				CLANG_WARN_SUSPICIOUS_MOVE = YES;
				CLANG_WARN_UNGUARDED_AVAILABILITY = YES_AGGRESSIVE;
				CLANG_WARN_UNREACHABLE_CODE = YES;
				CLANG_WARN__DUPLICATE_METHOD_MATCH = YES;
				COPY_PHASE_STRIP = NO;
				DEBUG_INFORMATION_FORMAT = "dwarf-with-dsym";
				ENABLE_NS_ASSERTIONS = NO;
				ENABLE_STRICT_OBJC_MSGSEND = YES;
				GCC_C_LANGUAGE_STANDARD = gnu11;
				GCC_NO_COMMON_BLOCKS = YES;
				GCC_WARN_64_TO_32_BIT_CONVERSION = YES;
				GCC_WARN_ABOUT_RETURN_TYPE = YES_ERROR;
				GCC_WARN_UNDECLARED_SELECTOR = YES;
				GCC_WARN_UNINITIALIZED_AUTOS = YES_AGGRESSIVE;
				GCC_WARN_UNUSED_FUNCTION = YES;
				GCC_WARN_UNUSED_VARIABLE = YES;
				IPHONEOS_DEPLOYMENT_TARGET = 13.1;
				MTL_ENABLE_DEBUG_INFO = NO;
				MTL_FAST_MATH = YES;
				SDKROOT = iphoneos;
				SWIFT_COMPILATION_MODE = wholemodule;
				SWIFT_OPTIMIZATION_LEVEL = "-O";
				VALIDATE_PRODUCT = YES;
			};
			name = Release;
		};
		2574ADA7236C401C000FE4D6 /* Debug */ = {
			isa = XCBuildConfiguration;
			baseConfigurationReference = EA2994F6BAD71905C982A300 /* Pods-SwiftSkillUpAPI.debug.xcconfig */;
			buildSettings = {
				ASSETCATALOG_COMPILER_APPICON_NAME = AppIcon;
				CODE_SIGN_STYLE = Automatic;
				DEVELOPMENT_TEAM = 3V9DP25CU7;
				INFOPLIST_FILE = SwiftSkillUpAPI/Info.plist;
				LD_RUNPATH_SEARCH_PATHS = (
					"$(inherited)",
					"@executable_path/Frameworks",
				);
				PRODUCT_BUNDLE_IDENTIFIER = "com.nana-music-kurokawa.SwiftSkillUpAPI";
				PRODUCT_NAME = "$(TARGET_NAME)";
				SWIFT_VERSION = 5.0;
				TARGETED_DEVICE_FAMILY = "1,2";
			};
			name = Debug;
		};
		2574ADA8236C401C000FE4D6 /* Release */ = {
			isa = XCBuildConfiguration;
			baseConfigurationReference = D731BE69CA557B8D7D4000DA /* Pods-SwiftSkillUpAPI.release.xcconfig */;
			buildSettings = {
				ASSETCATALOG_COMPILER_APPICON_NAME = AppIcon;
				CODE_SIGN_STYLE = Automatic;
				DEVELOPMENT_TEAM = 3V9DP25CU7;
				INFOPLIST_FILE = SwiftSkillUpAPI/Info.plist;
				LD_RUNPATH_SEARCH_PATHS = (
					"$(inherited)",
					"@executable_path/Frameworks",
				);
				PRODUCT_BUNDLE_IDENTIFIER = "com.nana-music-kurokawa.SwiftSkillUpAPI";
				PRODUCT_NAME = "$(TARGET_NAME)";
				SWIFT_VERSION = 5.0;
				TARGETED_DEVICE_FAMILY = "1,2";
			};
			name = Release;
		};
/* End XCBuildConfiguration section */

/* Begin XCConfigurationList section */
		2574AD8D236C401B000FE4D6 /* Build configuration list for PBXProject "SwiftSkillUpAPI" */ = {
			isa = XCConfigurationList;
			buildConfigurations = (
				2574ADA4236C401C000FE4D6 /* Debug */,
				2574ADA5236C401C000FE4D6 /* Release */,
			);
			defaultConfigurationIsVisible = 0;
			defaultConfigurationName = Release;
		};
		2574ADA6236C401C000FE4D6 /* Build configuration list for PBXNativeTarget "SwiftSkillUpAPI" */ = {
			isa = XCConfigurationList;
			buildConfigurations = (
				2574ADA7236C401C000FE4D6 /* Debug */,
				2574ADA8236C401C000FE4D6 /* Release */,
			);
			defaultConfigurationIsVisible = 0;
			defaultConfigurationName = Release;
		};
/* End XCConfigurationList section */
	};
	rootObject = 2574AD8A236C401B000FE4D6 /* Project object */;
}
